
Microsoft Visual Studio Solution File, Format Version 12.00
# Visual Studio 15
VisualStudioVersion = 15.0.28307.106
MinimumVisualStudioVersion = 10.0.40219.1
Project("{9A19103F-16F7-4668-BE54-9A1E7A4F7556}") = "ChristmasCountdownSkill_CSharp", "ChristmasCountdownSkill_CSharp\ChristmasCountdownSkill_CSharp.csproj", "{A7EE0E95-B648-4CBB-B9B3-87CE2523DB5C}"
EndProject
Global
	GlobalSection(SolutionConfigurationPlatforms) = preSolution
		Debug|Any CPU = Debug|Any CPU
		Release|Any CPU = Release|Any CPU
	EndGlobalSection
	GlobalSection(ProjectConfigurationPlatforms) = postSolution
		{A7EE0E95-B648-4CBB-B9B3-87CE2523DB5C}.Debug|Any CPU.ActiveCfg = Debug|Any CPU
		{A7EE0E95-B648-4CBB-B9B3-87CE2523DB5C}.Debug|Any CPU.Build.0 = Debug|Any CPU
		{A7EE0E95-B648-4CBB-B9B3-87CE2523DB5C}.Release|Any CPU.ActiveCfg = Release|Any CPU
		{A7EE0E95-B648-4CBB-B9B3-87CE2523DB5C}.Release|Any CPU.Build.0 = Release|Any CPU
	EndGlobalSection
	GlobalSection(SolutionProperties) = preSolution
		HideSolutionNode = FALSE
	EndGlobalSection
	GlobalSection(ExtensibilityGlobals) = postSolution
		SolutionGuid = {F69AD650-073F-4CAF-A868-E416E34384DD}
	EndGlobalSection
EndGlobal
